
Microsoft Visual Studio Solution File, Format Version 12.00
# Visual Studio Version 17
VisualStudioVersion = 17.10.35027.167
MinimumVisualStudioVersion = 10.0.40219.1
Project("{2150E333-8FDC-42A3-9474-1A3956D46DE8}") = "Core", "Core", "{588FFC2B-1E2C-4B46-A556-85A6B2E8A125}"
EndProject
Project("{2150E333-8FDC-42A3-9474-1A3956D46DE8}") = "MicroServices", "MicroServices", "{24C241DA-5658-48E8-91CE-ABFC3C9A43D4}"
EndProject
Project("{9A19103F-16F7-4668-BE54-9A1E7A4F7556}") = "Core.Service", "src\Core\Core.Service\Core.Service.csproj", "{18D61183-320D-4CA7-BB61-444727ADA1E6}"
EndProject
Project("{9A19103F-16F7-4668-BE54-9A1E7A4F7556}") = "Core.Utility", "src\Core\Core.Utility\Core.Utility.csproj", "{520B8BAD-3118-4583-8BB7-869A6399BEC5}"
EndProject
Project("{9A19103F-16F7-4668-BE54-9A1E7A4F7556}") = "Core.Domain", "src\Core\Core.Domain\Core.Domain.csproj", "{918C7F36-7C42-4D66-A486-EB0159EAD5A8}"
EndProject
Project("{2150E333-8FDC-42A3-9474-1A3956D46DE8}") = "SystemService", "SystemService", "{936341AD-BBCE-40AA-BF98-2E95B2128625}"
EndProject
Project("{9A19103F-16F7-4668-BE54-9A1E7A4F7556}") = "SystemService.API", "src\MicroServices\SystemService\SystemService.API\SystemService.API.csproj", "{141AF150-253A-4ACE-A91C-2376D1E0EBCA}"
EndProject
Project("{9A19103F-16F7-4668-BE54-9A1E7A4F7556}") = "SystemService.Domain", "src\MicroServices\SystemService\SystemService.Domain\SystemService.Domain.csproj", "{BBCAFE5A-453B-46CA-992B-957EEEF0676F}"
EndProject
Project("{9A19103F-16F7-4668-BE54-9A1E7A4F7556}") = "SystemService.Repository", "src\MicroServices\SystemService\SystemService.Repository\SystemService.Repository.csproj", "{2DE8EFED-4C14-4B55-BCB4-1E2EB4B799F3}"
EndProject
Project("{9A19103F-16F7-4668-BE54-9A1E7A4F7556}") = "SystemService.Service", "src\MicroServices\SystemService\SystemService.Service\SystemService.Service.csproj", "{F2924368-AC1C-43E2-9857-11001B125443}"
EndProject
Project("{9A19103F-16F7-4668-BE54-9A1E7A4F7556}") = "Core.Web", "src\Core\Core.Web\Core.Web.csproj", "{EFE8AC2A-BE78-4E7B-8A7C-8C188DEF6661}"
EndProject
Project("{2150E333-8FDC-42A3-9474-1A3956D46DE8}") = "WareHouseService", "WareHouseService", "{EB2EA29B-3307-42E4-A4E8-FB78EE34A489}"
EndProject
Project("{9A19103F-16F7-4668-BE54-9A1E7A4F7556}") = "WareHouseService.API", "src\MicroServices\WareHouseService\WareHouseService.API\WareHouseService.API.csproj", "{A088C703-BD5B-4B8E-BCC5-438BFA63A0E7}"
EndProject
Project("{9A19103F-16F7-4668-BE54-9A1E7A4F7556}") = "WareHouseService.Domain", "src\MicroServices\WareHouseService\WareHouseService.Domain\WareHouseService.Domain.csproj", "{6A1C0450-CF5D-4E8C-9C1E-1701D0DC96EE}"
EndProject
Project("{9A19103F-16F7-4668-BE54-9A1E7A4F7556}") = "WareHouseService.Repository", "src\MicroServices\WareHouseService\WareHouseService.Repository\WareHouseService.Repository.csproj", "{05F7DEEE-37E2-4F60-B939-1B9CCD212BF4}"
EndProject
Project("{9A19103F-16F7-4668-BE54-9A1E7A4F7556}") = "WareHouseService.Service", "src\MicroServices\WareHouseService\WareHouseService.Service\WareHouseService.Service.csproj", "{3096273A-F29B-413C-9810-F3A4DE568FE7}"
EndProject
Project("{2150E333-8FDC-42A3-9474-1A3956D46DE8}") = "APIGateway", "APIGateway", "{4DF59FD1-09F9-4ABC-A2BC-FA5049CE69F7}"
EndProject
Project("{2150E333-8FDC-42A3-9474-1A3956D46DE8}") = "ControlService", "ControlService", "{C37217E3-606A-431C-B7EB-0CB67216C3C6}"
EndProject
Project("{2150E333-8FDC-42A3-9474-1A3956D46DE8}") = "GoodsService", "GoodsService", "{37237693-B6E4-4EB1-B430-A3832474C2A2}"
EndProject
Project("{2150E333-8FDC-42A3-9474-1A3956D46DE8}") = "IdentityServer", "IdentityServer", "{0F97882E-F144-48F8-8ADA-C5F0FDAB1B7A}"
EndProject
Project("{2150E333-8FDC-42A3-9474-1A3956D46DE8}") = "ManageService", "ManageService", "{110FD0B4-17DB-4CF6-928F-1798C6362C73}"
EndProject
Project("{2150E333-8FDC-42A3-9474-1A3956D46DE8}") = "PlanService", "PlanService", "{12C83FF7-2C02-4AC1-8976-53A76EE469D4}"
EndProject
Project("{2150E333-8FDC-42A3-9474-1A3956D46DE8}") = "RecordService", "RecordService", "{784FFF44-C9CF-4E6F-B08A-9EA2812E1597}"
EndProject
Project("{2150E333-8FDC-42A3-9474-1A3956D46DE8}") = "StorageService", "StorageService", "{69B29E02-E56A-41AF-A9EB-B56A669018FB}"
EndProject
Project("{9A19103F-16F7-4668-BE54-9A1E7A4F7556}") = "APIGateway", "src\MicroServices\APIGateway\APIGateway\APIGateway.csproj", "{48E3B5B9-74D4-468D-8770-D57813D65563}"
EndProject
Project("{FAE04EC0-301F-11D3-BF4B-00C04F79EFBC}") = "protobufs", "src\Core\protobufs\protobufs.csproj", "{65A756E4-89CD-4B85-B101-9CAF87444042}"
EndProject
Global
	GlobalSection(SolutionConfigurationPlatforms) = preSolution
		Debug|Any CPU = Debug|Any CPU
		Release|Any CPU = Release|Any CPU
	EndGlobalSection
	GlobalSection(ProjectConfigurationPlatforms) = postSolution
		{18D61183-320D-4CA7-BB61-444727ADA1E6}.Debug|Any CPU.ActiveCfg = Debug|Any CPU
		{18D61183-320D-4CA7-BB61-444727ADA1E6}.Debug|Any CPU.Build.0 = Debug|Any CPU
		{18D61183-320D-4CA7-BB61-444727ADA1E6}.Release|Any CPU.ActiveCfg = Release|Any CPU
		{18D61183-320D-4CA7-BB61-444727ADA1E6}.Release|Any CPU.Build.0 = Release|Any CPU
		{520B8BAD-3118-4583-8BB7-869A6399BEC5}.Debug|Any CPU.ActiveCfg = Debug|Any CPU
		{520B8BAD-3118-4583-8BB7-869A6399BEC5}.Debug|Any CPU.Build.0 = Debug|Any CPU
		{520B8BAD-3118-4583-8BB7-869A6399BEC5}.Release|Any CPU.ActiveCfg = Release|Any CPU
		{520B8BAD-3118-4583-8BB7-869A6399BEC5}.Release|Any CPU.Build.0 = Release|Any CPU
		{918C7F36-7C42-4D66-A486-EB0159EAD5A8}.Debug|Any CPU.ActiveCfg = Debug|Any CPU
		{918C7F36-7C42-4D66-A486-EB0159EAD5A8}.Debug|Any CPU.Build.0 = Debug|Any CPU
		{918C7F36-7C42-4D66-A486-EB0159EAD5A8}.Release|Any CPU.ActiveCfg = Release|Any CPU
		{918C7F36-7C42-4D66-A486-EB0159EAD5A8}.Release|Any CPU.Build.0 = Release|Any CPU
		{141AF150-253A-4ACE-A91C-2376D1E0EBCA}.Debug|Any CPU.ActiveCfg = Debug|Any CPU
		{141AF150-253A-4ACE-A91C-2376D1E0EBCA}.Debug|Any CPU.Build.0 = Debug|Any CPU
		{141AF150-253A-4ACE-A91C-2376D1E0EBCA}.Release|Any CPU.ActiveCfg = Release|Any CPU
		{141AF150-253A-4ACE-A91C-2376D1E0EBCA}.Release|Any CPU.Build.0 = Release|Any CPU
		{BBCAFE5A-453B-46CA-992B-957EEEF0676F}.Debug|Any CPU.ActiveCfg = Debug|Any CPU
		{BBCAFE5A-453B-46CA-992B-957EEEF0676F}.Debug|Any CPU.Build.0 = Debug|Any CPU
		{BBCAFE5A-453B-46CA-992B-957EEEF0676F}.Release|Any CPU.ActiveCfg = Release|Any CPU
		{BBCAFE5A-453B-46CA-992B-957EEEF0676F}.Release|Any CPU.Build.0 = Release|Any CPU
		{2DE8EFED-4C14-4B55-BCB4-1E2EB4B799F3}.Debug|Any CPU.ActiveCfg = Debug|Any CPU
		{2DE8EFED-4C14-4B55-BCB4-1E2EB4B799F3}.Debug|Any CPU.Build.0 = Debug|Any CPU
		{2DE8EFED-4C14-4B55-BCB4-1E2EB4B799F3}.Release|Any CPU.ActiveCfg = Release|Any CPU
		{2DE8EFED-4C14-4B55-BCB4-1E2EB4B799F3}.Release|Any CPU.Build.0 = Release|Any CPU
		{F2924368-AC1C-43E2-9857-11001B125443}.Debug|Any CPU.ActiveCfg = Debug|Any CPU
		{F2924368-AC1C-43E2-9857-11001B125443}.Debug|Any CPU.Build.0 = Debug|Any CPU
		{F2924368-AC1C-43E2-9857-11001B125443}.Release|Any CPU.ActiveCfg = Release|Any CPU
		{F2924368-AC1C-43E2-9857-11001B125443}.Release|Any CPU.Build.0 = Release|Any CPU
		{EFE8AC2A-BE78-4E7B-8A7C-8C188DEF6661}.Debug|Any CPU.ActiveCfg = Debug|Any CPU
		{EFE8AC2A-BE78-4E7B-8A7C-8C188DEF6661}.Debug|Any CPU.Build.0 = Debug|Any CPU
		{EFE8AC2A-BE78-4E7B-8A7C-8C188DEF6661}.Release|Any CPU.ActiveCfg = Release|Any CPU
		{EFE8AC2A-BE78-4E7B-8A7C-8C188DEF6661}.Release|Any CPU.Build.0 = Release|Any CPU
		{A088C703-BD5B-4B8E-BCC5-438BFA63A0E7}.Debug|Any CPU.ActiveCfg = Debug|Any CPU
		{A088C703-BD5B-4B8E-BCC5-438BFA63A0E7}.Debug|Any CPU.Build.0 = Debug|Any CPU
		{A088C703-BD5B-4B8E-BCC5-438BFA63A0E7}.Release|Any CPU.ActiveCfg = Release|Any CPU
		{A088C703-BD5B-4B8E-BCC5-438BFA63A0E7}.Release|Any CPU.Build.0 = Release|Any CPU
		{6A1C0450-CF5D-4E8C-9C1E-1701D0DC96EE}.Debug|Any CPU.ActiveCfg = Debug|Any CPU
		{6A1C0450-CF5D-4E8C-9C1E-1701D0DC96EE}.Debug|Any CPU.Build.0 = Debug|Any CPU
		{6A1C0450-CF5D-4E8C-9C1E-1701D0DC96EE}.Release|Any CPU.ActiveCfg = Release|Any CPU
		{6A1C0450-CF5D-4E8C-9C1E-1701D0DC96EE}.Release|Any CPU.Build.0 = Release|Any CPU
		{05F7DEEE-37E2-4F60-B939-1B9CCD212BF4}.Debug|Any CPU.ActiveCfg = Debug|Any CPU
		{05F7DEEE-37E2-4F60-B939-1B9CCD212BF4}.Debug|Any CPU.Build.0 = Debug|Any CPU
		{05F7DEEE-37E2-4F60-B939-1B9CCD212BF4}.Release|Any CPU.ActiveCfg = Release|Any CPU
		{05F7DEEE-37E2-4F60-B939-1B9CCD212BF4}.Release|Any CPU.Build.0 = Release|Any CPU
		{3096273A-F29B-413C-9810-F3A4DE568FE7}.Debug|Any CPU.ActiveCfg = Debug|Any CPU
		{3096273A-F29B-413C-9810-F3A4DE568FE7}.Debug|Any CPU.Build.0 = Debug|Any CPU
		{3096273A-F29B-413C-9810-F3A4DE568FE7}.Release|Any CPU.ActiveCfg = Release|Any CPU
		{3096273A-F29B-413C-9810-F3A4DE568FE7}.Release|Any CPU.Build.0 = Release|Any CPU
		{48E3B5B9-74D4-468D-8770-D57813D65563}.Debug|Any CPU.ActiveCfg = Debug|Any CPU
		{48E3B5B9-74D4-468D-8770-D57813D65563}.Debug|Any CPU.Build.0 = Debug|Any CPU
		{48E3B5B9-74D4-468D-8770-D57813D65563}.Release|Any CPU.ActiveCfg = Release|Any CPU
		{48E3B5B9-74D4-468D-8770-D57813D65563}.Release|Any CPU.Build.0 = Release|Any CPU
		{65A756E4-89CD-4B85-B101-9CAF87444042}.Debug|Any CPU.ActiveCfg = Debug|Any CPU
		{65A756E4-89CD-4B85-B101-9CAF87444042}.Debug|Any CPU.Build.0 = Debug|Any CPU
		{65A756E4-89CD-4B85-B101-9CAF87444042}.Release|Any CPU.ActiveCfg = Release|Any CPU
		{65A756E4-89CD-4B85-B101-9CAF87444042}.Release|Any CPU.Build.0 = Release|Any CPU
	EndGlobalSection
	GlobalSection(SolutionProperties) = preSolution
		HideSolutionNode = FALSE
	EndGlobalSection
	GlobalSection(NestedProjects) = preSolution
		{18D61183-320D-4CA7-BB61-444727ADA1E6} = {588FFC2B-1E2C-4B46-A556-85A6B2E8A125}
		{520B8BAD-3118-4583-8BB7-869A6399BEC5} = {588FFC2B-1E2C-4B46-A556-85A6B2E8A125}
		{918C7F36-7C42-4D66-A486-EB0159EAD5A8} = {588FFC2B-1E2C-4B46-A556-85A6B2E8A125}
		{936341AD-BBCE-40AA-BF98-2E95B2128625} = {24C241DA-5658-48E8-91CE-ABFC3C9A43D4}
		{141AF150-253A-4ACE-A91C-2376D1E0EBCA} = {936341AD-BBCE-40AA-BF98-2E95B2128625}
		{BBCAFE5A-453B-46CA-992B-957EEEF0676F} = {936341AD-BBCE-40AA-BF98-2E95B2128625}
		{2DE8EFED-4C14-4B55-BCB4-1E2EB4B799F3} = {936341AD-BBCE-40AA-BF98-2E95B2128625}
		{F2924368-AC1C-43E2-9857-11001B125443} = {936341AD-BBCE-40AA-BF98-2E95B2128625}
		{EFE8AC2A-BE78-4E7B-8A7C-8C188DEF6661} = {588FFC2B-1E2C-4B46-A556-85A6B2E8A125}
		{EB2EA29B-3307-42E4-A4E8-FB78EE34A489} = {24C241DA-5658-48E8-91CE-ABFC3C9A43D4}
		{A088C703-BD5B-4B8E-BCC5-438BFA63A0E7} = {EB2EA29B-3307-42E4-A4E8-FB78EE34A489}
		{6A1C0450-CF5D-4E8C-9C1E-1701D0DC96EE} = {EB2EA29B-3307-42E4-A4E8-FB78EE34A489}
		{05F7DEEE-37E2-4F60-B939-1B9CCD212BF4} = {EB2EA29B-3307-42E4-A4E8-FB78EE34A489}
		{3096273A-F29B-413C-9810-F3A4DE568FE7} = {EB2EA29B-3307-42E4-A4E8-FB78EE34A489}
		{4DF59FD1-09F9-4ABC-A2BC-FA5049CE69F7} = {24C241DA-5658-48E8-91CE-ABFC3C9A43D4}
		{C37217E3-606A-431C-B7EB-0CB67216C3C6} = {24C241DA-5658-48E8-91CE-ABFC3C9A43D4}
		{37237693-B6E4-4EB1-B430-A3832474C2A2} = {24C241DA-5658-48E8-91CE-ABFC3C9A43D4}
		{0F97882E-F144-48F8-8ADA-C5F0FDAB1B7A} = {24C241DA-5658-48E8-91CE-ABFC3C9A43D4}
		{110FD0B4-17DB-4CF6-928F-1798C6362C73} = {24C241DA-5658-48E8-91CE-ABFC3C9A43D4}
		{12C83FF7-2C02-4AC1-8976-53A76EE469D4} = {24C241DA-5658-48E8-91CE-ABFC3C9A43D4}
		{784FFF44-C9CF-4E6F-B08A-9EA2812E1597} = {24C241DA-5658-48E8-91CE-ABFC3C9A43D4}
		{69B29E02-E56A-41AF-A9EB-B56A669018FB} = {24C241DA-5658-48E8-91CE-ABFC3C9A43D4}
		{48E3B5B9-74D4-468D-8770-D57813D65563} = {4DF59FD1-09F9-4ABC-A2BC-FA5049CE69F7}
		{65A756E4-89CD-4B85-B101-9CAF87444042} = {588FFC2B-1E2C-4B46-A556-85A6B2E8A125}
	EndGlobalSection
	GlobalSection(ExtensibilityGlobals) = postSolution
		SolutionGuid = {1734E77B-14C3-4D8E-B3FD-18EBBB4626B6}
	EndGlobalSection
EndGlobal
